
Microsoft Visual Studio Solution File, Format Version 12.00
# Visual Studio 15
VisualStudioVersion = 15.0.26430.15
MinimumVisualStudioVersion = 10.0.40219.1
Project("{FAE04EC0-301F-11D3-BF4B-00C04F79EFBC}") = "AggregateSource", "..\Core\AggregateSource\AggregateSource.csproj", "{CC3FCC99-9E18-45DE-9B39-76031D45624D}"
EndProject
Project("{2150E333-8FDC-42A3-9474-1A3956D46DE8}") = ".nuget", ".nuget", "{C15AD8E5-A792-4C07-B792-BD6DED990E68}"
	ProjectSection(SolutionItems) = preProject
		.nuget\packages.config = .nuget\packages.config
	EndProjectSection
EndProject
Project("{FAE04EC0-301F-11D3-BF4B-00C04F79EFBC}") = "AggregateSource.SqlStreamStore", "AggregateSource.SqlStreamStore\AggregateSource.SqlStreamStore.csproj", "{F637D507-B0FA-4744-A1BC-2D2182DAA638}"
EndProject
Project("{FAE04EC0-301F-11D3-BF4B-00C04F79EFBC}") = "AggregateSource.SqlStreamStore.Tests", "AggregateSource.SqlStreamStore.Tests\AggregateSource.SqlStreamStore.Tests.csproj", "{07320B38-BBBE-427B-BF1B-361B55D5FA1A}"
EndProject
Global
	GlobalSection(SolutionConfigurationPlatforms) = preSolution
		Debug|Any CPU = Debug|Any CPU
		Release 4.0|Any CPU = Release 4.0|Any CPU
		Release 4.5|Any CPU = Release 4.5|Any CPU
		Release|Any CPU = Release|Any CPU
	EndGlobalSection
	GlobalSection(ProjectConfigurationPlatforms) = postSolution
		{CC3FCC99-9E18-45DE-9B39-76031D45624D}.Debug|Any CPU.ActiveCfg = Debug|Any CPU
		{CC3FCC99-9E18-45DE-9B39-76031D45624D}.Debug|Any CPU.Build.0 = Debug|Any CPU
		{CC3FCC99-9E18-45DE-9B39-76031D45624D}.Release 4.0|Any CPU.ActiveCfg = Release|Any CPU
		{CC3FCC99-9E18-45DE-9B39-76031D45624D}.Release 4.0|Any CPU.Build.0 = Release|Any CPU
		{CC3FCC99-9E18-45DE-9B39-76031D45624D}.Release 4.5|Any CPU.ActiveCfg = Release|Any CPU
		{CC3FCC99-9E18-45DE-9B39-76031D45624D}.Release 4.5|Any CPU.Build.0 = Release|Any CPU
		{CC3FCC99-9E18-45DE-9B39-76031D45624D}.Release|Any CPU.ActiveCfg = Release|Any CPU
		{CC3FCC99-9E18-45DE-9B39-76031D45624D}.Release|Any CPU.Build.0 = Release|Any CPU
		{F637D507-B0FA-4744-A1BC-2D2182DAA638}.Debug|Any CPU.ActiveCfg = Debug|Any CPU
		{F637D507-B0FA-4744-A1BC-2D2182DAA638}.Debug|Any CPU.Build.0 = Debug|Any CPU
		{F637D507-B0FA-4744-A1BC-2D2182DAA638}.Release 4.0|Any CPU.ActiveCfg = Release|Any CPU
		{F637D507-B0FA-4744-A1BC-2D2182DAA638}.Release 4.0|Any CPU.Build.0 = Release|Any CPU
		{F637D507-B0FA-4744-A1BC-2D2182DAA638}.Release 4.5|Any CPU.ActiveCfg = Release|Any CPU
		{F637D507-B0FA-4744-A1BC-2D2182DAA638}.Release 4.5|Any CPU.Build.0 = Release|Any CPU
		{F637D507-B0FA-4744-A1BC-2D2182DAA638}.Release|Any CPU.ActiveCfg = Release|Any CPU
		{F637D507-B0FA-4744-A1BC-2D2182DAA638}.Release|Any CPU.Build.0 = Release|Any CPU
		{07320B38-BBBE-427B-BF1B-361B55D5FA1A}.Debug|Any CPU.ActiveCfg = Debug|Any CPU
		{07320B38-BBBE-427B-BF1B-361B55D5FA1A}.Debug|Any CPU.Build.0 = Debug|Any CPU
		{07320B38-BBBE-427B-BF1B-361B55D5FA1A}.Release 4.0|Any CPU.ActiveCfg = Release|Any CPU
		{07320B38-BBBE-427B-BF1B-361B55D5FA1A}.Release 4.0|Any CPU.Build.0 = Release|Any CPU
		{07320B38-BBBE-427B-BF1B-361B55D5FA1A}.Release 4.5|Any CPU.ActiveCfg = Release|Any CPU
		{07320B38-BBBE-427B-BF1B-361B55D5FA1A}.Release 4.5|Any CPU.Build.0 = Release|Any CPU
		{07320B38-BBBE-427B-BF1B-361B55D5FA1A}.Release|Any CPU.ActiveCfg = Release|Any CPU
		{07320B38-BBBE-427B-BF1B-361B55D5FA1A}.Release|Any CPU.Build.0 = Release|Any CPU
	EndGlobalSection
	GlobalSection(SolutionProperties) = preSolution
		HideSolutionNode = FALSE
	EndGlobalSection
EndGlobal
